// !$*UTF8*$!
{
	archiveVersion = 1;
	classes = {
	};
	objectVersion = 52;
	objects = {

/* Begin PBXBuildFile section */
		A529246C23CEBF1200C2A600 /* KoreanUtil.swift in Sources */ = {isa = PBXBuildFile; fileRef = A529246B23CEBF1200C2A600 /* KoreanUtil.swift */; };
		A59381C223CD6F800099AC0C /* AppDelegate.swift in Sources */ = {isa = PBXBuildFile; fileRef = A59381C123CD6F800099AC0C /* AppDelegate.swift */; };
		A59381C423CD6F800099AC0C /* SceneDelegate.swift in Sources */ = {isa = PBXBuildFile; fileRef = A59381C323CD6F800099AC0C /* SceneDelegate.swift */; };
		A59381C623CD6F800099AC0C /* ViewController.swift in Sources */ = {isa = PBXBuildFile; fileRef = A59381C523CD6F800099AC0C /* ViewController.swift */; };
		A59381C923CD6F800099AC0C /* Main.storyboard in Resources */ = {isa = PBXBuildFile; fileRef = A59381C723CD6F800099AC0C /* Main.storyboard */; };
		A59381CB23CD6F820099AC0C /* Assets.xcassets in Resources */ = {isa = PBXBuildFile; fileRef = A59381CA23CD6F820099AC0C /* Assets.xcassets */; };
		A59381CE23CD6F820099AC0C /* LaunchScreen.storyboard in Resources */ = {isa = PBXBuildFile; fileRef = A59381CC23CD6F820099AC0C /* LaunchScreen.storyboard */; };
		A59381D723CD71730099AC0C /* ViewControllerModel.swift in Sources */ = {isa = PBXBuildFile; fileRef = A59381D623CD71730099AC0C /* ViewControllerModel.swift */; };
		A59381DA23CDAC160099AC0C /* RxBlocking in Frameworks */ = {isa = PBXBuildFile; productRef = A59381D923CDAC160099AC0C /* RxBlocking */; };
		A59381DC23CDAC160099AC0C /* RxSwift in Frameworks */ = {isa = PBXBuildFile; productRef = A59381DB23CDAC160099AC0C /* RxSwift */; };
		A59381DE23CDAC160099AC0C /* RxCocoa in Frameworks */ = {isa = PBXBuildFile; productRef = A59381DD23CDAC160099AC0C /* RxCocoa */; };
		A59381E123CDACF70099AC0C /* RxViewController.swift in Sources */ = {isa = PBXBuildFile; fileRef = A59381E023CDACF70099AC0C /* RxViewController.swift */; };
/* End PBXBuildFile section */

/* Begin PBXFileReference section */
		A529246B23CEBF1200C2A600 /* KoreanUtil.swift */ = {isa = PBXFileReference; lastKnownFileType = sourcecode.swift; path = KoreanUtil.swift; sourceTree = "<group>"; };
		A59381BE23CD6F800099AC0C /* PhoneBook.app */ = {isa = PBXFileReference; explicitFileType = wrapper.application; includeInIndex = 0; path = PhoneBook.app; sourceTree = BUILT_PRODUCTS_DIR; };
		A59381C123CD6F800099AC0C /* AppDelegate.swift */ = {isa = PBXFileReference; lastKnownFileType = sourcecode.swift; path = AppDelegate.swift; sourceTree = "<group>"; };
		A59381C323CD6F800099AC0C /* SceneDelegate.swift */ = {isa = PBXFileReference; lastKnownFileType = sourcecode.swift; path = SceneDelegate.swift; sourceTree = "<group>"; };
		A59381C523CD6F800099AC0C /* ViewController.swift */ = {isa = PBXFileReference; lastKnownFileType = sourcecode.swift; path = ViewController.swift; sourceTree = "<group>"; };
		A59381C823CD6F800099AC0C /* Base */ = {isa = PBXFileReference; lastKnownFileType = file.storyboard; name = Base; path = Base.lproj/Main.storyboard; sourceTree = "<group>"; };
		A59381CA23CD6F820099AC0C /* Assets.xcassets */ = {isa = PBXFileReference; lastKnownFileType = folder.assetcatalog; path = Assets.xcassets; sourceTree = "<group>"; };
		A59381CD23CD6F820099AC0C /* Base */ = {isa = PBXFileReference; lastKnownFileType = file.storyboard; name = Base; path = Base.lproj/LaunchScreen.storyboard; sourceTree = "<group>"; };
		A59381CF23CD6F820099AC0C /* Info.plist */ = {isa = PBXFileReference; lastKnownFileType = text.plist.xml; path = Info.plist; sourceTree = "<group>"; };
		A59381D623CD71730099AC0C /* ViewControllerModel.swift */ = {isa = PBXFileReference; lastKnownFileType = sourcecode.swift; path = ViewControllerModel.swift; sourceTree = "<group>"; };
		A59381E023CDACF70099AC0C /* RxViewController.swift */ = {isa = PBXFileReference; lastKnownFileType = sourcecode.swift; path = RxViewController.swift; sourceTree = "<group>"; };
/* End PBXFileReference section */

/* Begin PBXFrameworksBuildPhase section */
		A59381BB23CD6F800099AC0C /* Frameworks */ = {
			isa = PBXFrameworksBuildPhase;
			buildActionMask = 2147483647;
			files = (
				A59381DE23CDAC160099AC0C /* RxCocoa in Frameworks */,
				A59381DC23CDAC160099AC0C /* RxSwift in Frameworks */,
				A59381DA23CDAC160099AC0C /* RxBlocking in Frameworks */,
			);
			runOnlyForDeploymentPostprocessing = 0;
		};
/* End PBXFrameworksBuildPhase section */

/* Begin PBXGroup section */
		A59381B523CD6F800099AC0C = {
			isa = PBXGroup;
			children = (
				A59381C023CD6F800099AC0C /* PhoneBook */,
				A59381BF23CD6F800099AC0C /* Products */,
			);
			sourceTree = "<group>";
		};
		A59381BF23CD6F800099AC0C /* Products */ = {
			isa = PBXGroup;
			children = (
				A59381BE23CD6F800099AC0C /* PhoneBook.app */,
			);
			name = Products;
			sourceTree = "<group>";
		};
		A59381C023CD6F800099AC0C /* PhoneBook */ = {
			isa = PBXGroup;
			children = (
				A529246B23CEBF1200C2A600 /* KoreanUtil.swift */,
				A59381DF23CDACE80099AC0C /* RxViewController */,
				A59381D523CD715D0099AC0C /* ViewController */,
				A59381C123CD6F800099AC0C /* AppDelegate.swift */,
				A59381C323CD6F800099AC0C /* SceneDelegate.swift */,
				A59381C723CD6F800099AC0C /* Main.storyboard */,
				A59381CA23CD6F820099AC0C /* Assets.xcassets */,
				A59381CC23CD6F820099AC0C /* LaunchScreen.storyboard */,
				A59381CF23CD6F820099AC0C /* Info.plist */,
			);
			path = PhoneBook;
			sourceTree = "<group>";
		};
		A59381D523CD715D0099AC0C /* ViewController */ = {
			isa = PBXGroup;
			children = (
				A59381C523CD6F800099AC0C /* ViewController.swift */,
				A59381D623CD71730099AC0C /* ViewControllerModel.swift */,
			);
			path = ViewController;
			sourceTree = "<group>";
		};
		A59381DF23CDACE80099AC0C /* RxViewController */ = {
			isa = PBXGroup;
			children = (
				A59381E023CDACF70099AC0C /* RxViewController.swift */,
			);
			path = RxViewController;
			sourceTree = "<group>";
		};
/* End PBXGroup section */

/* Begin PBXNativeTarget section */
		A59381BD23CD6F800099AC0C /* PhoneBook */ = {
			isa = PBXNativeTarget;
			buildConfigurationList = A59381D223CD6F820099AC0C /* Build configuration list for PBXNativeTarget "PhoneBook" */;
			buildPhases = (
				A59381BA23CD6F800099AC0C /* Sources */,
				A59381BB23CD6F800099AC0C /* Frameworks */,
				A59381BC23CD6F800099AC0C /* Resources */,
			);
			buildRules = (
			);
			dependencies = (
			);
			name = PhoneBook;
			packageProductDependencies = (
				A59381D923CDAC160099AC0C /* RxBlocking */,
				A59381DB23CDAC160099AC0C /* RxSwift */,
				A59381DD23CDAC160099AC0C /* RxCocoa */,
			);
			productName = PhoneBook;
			productReference = A59381BE23CD6F800099AC0C /* PhoneBook.app */;
			productType = "com.apple.product-type.application";
		};
/* End PBXNativeTarget section */

/* Begin PBXProject section */
		A59381B623CD6F800099AC0C /* Project object */ = {
			isa = PBXProject;
			attributes = {
				LastSwiftUpdateCheck = 1130;
				LastUpgradeCheck = 1130;
				ORGANIZATIONNAME = bugkingK;
				TargetAttributes = {
					A59381BD23CD6F800099AC0C = {
						CreatedOnToolsVersion = 11.3;
					};
				};
			};
			buildConfigurationList = A59381B923CD6F800099AC0C /* Build configuration list for PBXProject "PhoneBook" */;
			compatibilityVersion = "Xcode 9.3";
			developmentRegion = en;
			hasScannedForEncodings = 0;
			knownRegions = (
				en,
				Base,
			);
			mainGroup = A59381B523CD6F800099AC0C;
			packageReferences = (
				A59381D823CDAC160099AC0C /* XCRemoteSwiftPackageReference "RxSwift" */,
			);
			productRefGroup = A59381BF23CD6F800099AC0C /* Products */;
			projectDirPath = "";
			projectRoot = "";
			targets = (
				A59381BD23CD6F800099AC0C /* PhoneBook */,
			);
		};
/* End PBXProject section */

/* Begin PBXResourcesBuildPhase section */
		A59381BC23CD6F800099AC0C /* Resources */ = {
			isa = PBXResourcesBuildPhase;
			buildActionMask = 2147483647;
			files = (
				A59381CE23CD6F820099AC0C /* LaunchScreen.storyboard in Resources */,
				A59381CB23CD6F820099AC0C /* Assets.xcassets in Resources */,
				A59381C923CD6F800099AC0C /* Main.storyboard in Resources */,
			);
			runOnlyForDeploymentPostprocessing = 0;
		};
/* End PBXResourcesBuildPhase section */

/* Begin PBXSourcesBuildPhase section */
		A59381BA23CD6F800099AC0C /* Sources */ = {
			isa = PBXSourcesBuildPhase;
			buildActionMask = 2147483647;
			files = (
				A59381D723CD71730099AC0C /* ViewControllerModel.swift in Sources */,
				A529246C23CEBF1200C2A600 /* KoreanUtil.swift in Sources */,
				A59381C623CD6F800099AC0C /* ViewController.swift in Sources */,
				A59381C223CD6F800099AC0C /* AppDelegate.swift in Sources */,
				A59381C423CD6F800099AC0C /* SceneDelegate.swift in Sources */,
				A59381E123CDACF70099AC0C /* RxViewController.swift in Sources */,
			);
			runOnlyForDeploymentPostprocessing = 0;
		};
/* End PBXSourcesBuildPhase section */

/* Begin PBXVariantGroup section */
		A59381C723CD6F800099AC0C /* Main.storyboard */ = {
			isa = PBXVariantGroup;
			children = (
				A59381C823CD6F800099AC0C /* Base */,
			);
			name = Main.storyboard;
			sourceTree = "<group>";
		};
		A59381CC23CD6F820099AC0C /* LaunchScreen.storyboard */ = {
			isa = PBXVariantGroup;
			children = (
				A59381CD23CD6F820099AC0C /* Base */,
			);
			name = LaunchScreen.storyboard;
			sourceTree = "<group>";
		};
/* End PBXVariantGroup section */

/* Begin XCBuildConfiguration section */
		A59381D023CD6F820099AC0C /* Debug */ = {
			isa = XCBuildConfiguration;
			buildSettings = {
				ALWAYS_SEARCH_USER_PATHS = NO;
				CLANG_ANALYZER_NONNULL = YES;
				CLANG_ANALYZER_NUMBER_OBJECT_CONVERSION = YES_AGGRESSIVE;
				CLANG_CXX_LANGUAGE_STANDARD = "gnu++14";
				CLANG_CXX_LIBRARY = "libc++";
				CLANG_ENABLE_MODULES = YES;
				CLANG_ENABLE_OBJC_ARC = YES;
				CLANG_ENABLE_OBJC_WEAK = YES;
				CLANG_WARN_BLOCK_CAPTURE_AUTORELEASING = YES;
				CLANG_WARN_BOOL_CONVERSION = YES;
				CLANG_WARN_COMMA = YES;
				CLANG_WARN_CONSTANT_CONVERSION = YES;
				CLANG_WARN_DEPRECATED_OBJC_IMPLEMENTATIONS = YES;
				CLANG_WARN_DIRECT_OBJC_ISA_USAGE = YES_ERROR;
				CLANG_WARN_DOCUMENTATION_COMMENTS = YES;
				CLANG_WARN_EMPTY_BODY = YES;
				CLANG_WARN_ENUM_CONVERSION = YES;
				CLANG_WARN_INFINITE_RECURSION = YES;
				CLANG_WARN_INT_CONVERSION = YES;
				CLANG_WARN_NON_LITERAL_NULL_CONVERSION = YES;
				CLANG_WARN_OBJC_IMPLICIT_RETAIN_SELF = YES;
				CLANG_WARN_OBJC_LITERAL_CONVERSION = YES;
				CLANG_WARN_OBJC_ROOT_CLASS = YES_ERROR;
				CLANG_WARN_RANGE_LOOP_ANALYSIS = YES;
				CLANG_WARN_STRICT_PROTOTYPES = YES;
				CLANG_WARN_SUSPICIOUS_MOVE = YES;
				CLANG_WARN_UNGUARDED_AVAILABILITY = YES_AGGRESSIVE;
				CLANG_WARN_UNREACHABLE_CODE = YES;
				CLANG_WARN__DUPLICATE_METHOD_MATCH = YES;
				COPY_PHASE_STRIP = NO;
				DEBUG_INFORMATION_FORMAT = dwarf;
				ENABLE_STRICT_OBJC_MSGSEND = YES;
				ENABLE_TESTABILITY = YES;
				GCC_C_LANGUAGE_STANDARD = gnu11;
				GCC_DYNAMIC_NO_PIC = NO;
				GCC_NO_COMMON_BLOCKS = YES;
				GCC_OPTIMIZATION_LEVEL = 0;
				GCC_PREPROCESSOR_DEFINITIONS = (
					"DEBUG=1",
					"$(inherited)",
				);
				GCC_WARN_64_TO_32_BIT_CONVERSION = YES;
				GCC_WARN_ABOUT_RETURN_TYPE = YES_ERROR;
				GCC_WARN_UNDECLARED_SELECTOR = YES;
				GCC_WARN_UNINITIALIZED_AUTOS = YES_AGGRESSIVE;
				GCC_WARN_UNUSED_FUNCTION = YES;
				GCC_WARN_UNUSED_VARIABLE = YES;
				IPHONEOS_DEPLOYMENT_TARGET = 13.2;
				MTL_ENABLE_DEBUG_INFO = INCLUDE_SOURCE;
				MTL_FAST_MATH = YES;
				ONLY_ACTIVE_ARCH = YES;
				SDKROOT = iphoneos;
				SWIFT_ACTIVE_COMPILATION_CONDITIONS = DEBUG;
				SWIFT_OPTIMIZATION_LEVEL = "-Onone";
			};
			name = Debug;
		};
		A59381D123CD6F820099AC0C /* Release */ = {
			isa = XCBuildConfiguration;
			buildSettings = {
				ALWAYS_SEARCH_USER_PATHS = NO;
				CLANG_ANALYZER_NONNULL = YES;
				CLANG_ANALYZER_NUMBER_OBJECT_CONVERSION = YES_AGGRESSIVE;
				CLANG_CXX_LANGUAGE_STANDARD = "gnu++14";
				CLANG_CXX_LIBRARY = "libc++";
				CLANG_ENABLE_MODULES = YES;
				CLANG_ENABLE_OBJC_ARC = YES;
				CLANG_ENABLE_OBJC_WEAK = YES;
				CLANG_WARN_BLOCK_CAPTURE_AUTORELEASING = YES;
				CLANG_WARN_BOOL_CONVERSION = YES;
				CLANG_WARN_COMMA = YES;
				CLANG_WARN_CONSTANT_CONVERSION = YES;
				CLANG_WARN_DEPRECATED_OBJC_IMPLEMENTATIONS = YES;
				CLANG_WARN_DIRECT_OBJC_ISA_USAGE = YES_ERROR;
				CLANG_WARN_DOCUMENTATION_COMMENTS = YES;
				CLANG_WARN_EMPTY_BODY = YES;
				CLANG_WARN_ENUM_CONVERSION = YES;
				CLANG_WARN_INFINITE_RECURSION = YES;
				CLANG_WARN_INT_CONVERSION = YES;
				CLANG_WARN_NON_LITERAL_NULL_CONVERSION = YES;
				CLANG_WARN_OBJC_IMPLICIT_RETAIN_SELF = YES;
				CLANG_WARN_OBJC_LITERAL_CONVERSION = YES;
				CLANG_WARN_OBJC_ROOT_CLASS = YES_ERROR;
				CLANG_WARN_RANGE_LOOP_ANALYSIS = YES;
				CLANG_WARN_STRICT_PROTOTYPES = YES;
				CLANG_WARN_SUSPICIOUS_MOVE = YES;
				CLANG_WARN_UNGUARDED_AVAILABILITY = YES_AGGRESSIVE;
				CLANG_WARN_UNREACHABLE_CODE = YES;
				CLANG_WARN__DUPLICATE_METHOD_MATCH = YES;
				COPY_PHASE_STRIP = NO;
				DEBUG_INFORMATION_FORMAT = "dwarf-with-dsym";
				ENABLE_NS_ASSERTIONS = NO;
				ENABLE_STRICT_OBJC_MSGSEND = YES;
				GCC_C_LANGUAGE_STANDARD = gnu11;
				GCC_NO_COMMON_BLOCKS = YES;
				GCC_WARN_64_TO_32_BIT_CONVERSION = YES;
				GCC_WARN_ABOUT_RETURN_TYPE = YES_ERROR;
				GCC_WARN_UNDECLARED_SELECTOR = YES;
				GCC_WARN_UNINITIALIZED_AUTOS = YES_AGGRESSIVE;
				GCC_WARN_UNUSED_FUNCTION = YES;
				GCC_WARN_UNUSED_VARIABLE = YES;
				IPHONEOS_DEPLOYMENT_TARGET = 13.2;
				MTL_ENABLE_DEBUG_INFO = NO;
				MTL_FAST_MATH = YES;
				SDKROOT = iphoneos;
				SWIFT_COMPILATION_MODE = wholemodule;
				SWIFT_OPTIMIZATION_LEVEL = "-O";
				VALIDATE_PRODUCT = YES;
			};
			name = Release;
		};
		A59381D323CD6F820099AC0C /* Debug */ = {
			isa = XCBuildConfiguration;
			buildSettings = {
				ASSETCATALOG_COMPILER_APPICON_NAME = AppIcon;
				CODE_SIGN_STYLE = Automatic;
				DEVELOPMENT_TEAM = 6QG49X22JS;
				INFOPLIST_FILE = PhoneBook/Info.plist;
				LD_RUNPATH_SEARCH_PATHS = (
					"$(inherited)",
					"@executable_path/Frameworks",
				);
				PRODUCT_BUNDLE_IDENTIFIER = bugkingk.github.io.PhoneBook;
				PRODUCT_NAME = "$(TARGET_NAME)";
				SWIFT_VERSION = 5.0;
				TARGETED_DEVICE_FAMILY = "1,2";
			};
			name = Debug;
		};
		A59381D423CD6F820099AC0C /* Release */ = {
			isa = XCBuildConfiguration;
			buildSettings = {
				ASSETCATALOG_COMPILER_APPICON_NAME = AppIcon;
				CODE_SIGN_STYLE = Automatic;
				DEVELOPMENT_TEAM = 6QG49X22JS;
				INFOPLIST_FILE = PhoneBook/Info.plist;
				LD_RUNPATH_SEARCH_PATHS = (
					"$(inherited)",
					"@executable_path/Frameworks",
				);
				PRODUCT_BUNDLE_IDENTIFIER = bugkingk.github.io.PhoneBook;
				PRODUCT_NAME = "$(TARGET_NAME)";
				SWIFT_VERSION = 5.0;
				TARGETED_DEVICE_FAMILY = "1,2";
			};
			name = Release;
		};
/* End XCBuildConfiguration section */

/* Begin XCConfigurationList section */
		A59381B923CD6F800099AC0C /* Build configuration list for PBXProject "PhoneBook" */ = {
			isa = XCConfigurationList;
			buildConfigurations = (
				A59381D023CD6F820099AC0C /* Debug */,
				A59381D123CD6F820099AC0C /* Release */,
			);
			defaultConfigurationIsVisible = 0;
			defaultConfigurationName = Release;
		};
		A59381D223CD6F820099AC0C /* Build configuration list for PBXNativeTarget "PhoneBook" */ = {
			isa = XCConfigurationList;
			buildConfigurations = (
				A59381D323CD6F820099AC0C /* Debug */,
				A59381D423CD6F820099AC0C /* Release */,
			);
			defaultConfigurationIsVisible = 0;
			defaultConfigurationName = Release;
		};
/* End XCConfigurationList section */

/* Begin XCRemoteSwiftPackageReference section */
		A59381D823CDAC160099AC0C /* XCRemoteSwiftPackageReference "RxSwift" */ = {
			isa = XCRemoteSwiftPackageReference;
			repositoryURL = "https://github.com/ReactiveX/RxSwift";
			requirement = {
				kind = upToNextMajorVersion;
				minimumVersion = 5.0.1;
			};
		};
/* End XCRemoteSwiftPackageReference section */

/* Begin XCSwiftPackageProductDependency section */
		A59381D923CDAC160099AC0C /* RxBlocking */ = {
			isa = XCSwiftPackageProductDependency;
			package = A59381D823CDAC160099AC0C /* XCRemoteSwiftPackageReference "RxSwift" */;
			productName = RxBlocking;
		};
		A59381DB23CDAC160099AC0C /* RxSwift */ = {
			isa = XCSwiftPackageProductDependency;
			package = A59381D823CDAC160099AC0C /* XCRemoteSwiftPackageReference "RxSwift" */;
			productName = RxSwift;
		};
		A59381DD23CDAC160099AC0C /* RxCocoa */ = {
			isa = XCSwiftPackageProductDependency;
			package = A59381D823CDAC160099AC0C /* XCRemoteSwiftPackageReference "RxSwift" */;
			productName = RxCocoa;
		};
/* End XCSwiftPackageProductDependency section */
	};
	rootObject = A59381B623CD6F800099AC0C /* Project object */;
}
